
Microsoft Visual Studio Solution File, Format Version 12.00
Project("{FAE04EC0-301F-11D3-BF4B-00C04F79EFBC}") = "MapMe", "MapMe\MapMe\MapMe.csproj", "{85FC5D87-2001-4D18-8B32-2F11C114BA74}"
EndProject
Project("{FAE04EC0-301F-11D3-BF4B-00C04F79EFBC}") = "MapMe.Client", "MapMe\MapMe.Client\MapMe.Client.csproj", "{4C83579C-F25A-4C3F-BFFB-30A574ED7D51}"
EndProject
Global
	GlobalSection(SolutionConfigurationPlatforms) = preSolution
		Debug|Any CPU = Debug|Any CPU
		Release|Any CPU = Release|Any CPU
	EndGlobalSection
	GlobalSection(ProjectConfigurationPlatforms) = postSolution
		{85FC5D87-2001-4D18-8B32-2F11C114BA74}.Debug|Any CPU.ActiveCfg = Debug|Any CPU
		{85FC5D87-2001-4D18-8B32-2F11C114BA74}.Debug|Any CPU.Build.0 = Debug|Any CPU
		{85FC5D87-2001-4D18-8B32-2F11C114BA74}.Release|Any CPU.ActiveCfg = Release|Any CPU
		{85FC5D87-2001-4D18-8B32-2F11C114BA74}.Release|Any CPU.Build.0 = Release|Any CPU
		{4C83579C-F25A-4C3F-BFFB-30A574ED7D51}.Debug|Any CPU.ActiveCfg = Debug|Any CPU
		{4C83579C-F25A-4C3F-BFFB-30A574ED7D51}.Debug|Any CPU.Build.0 = Debug|Any CPU
		{4C83579C-F25A-4C3F-BFFB-30A574ED7D51}.Release|Any CPU.ActiveCfg = Release|Any CPU
		{4C83579C-F25A-4C3F-BFFB-30A574ED7D51}.Release|Any CPU.Build.0 = Release|Any CPU
	EndGlobalSection
EndGlobal
